
Microsoft Visual Studio Solution File, Format Version 12.00
# Visual Studio Version 17
VisualStudioVersion = 17.7.34031.279
MinimumVisualStudioVersion = 10.0.40219.1
Project("{FAE04EC0-301F-11D3-BF4B-00C04F79EFBC}") = "XIIRPL2_22_Ticketing", "XIIRPL2_22_Ticketing\XIIRPL2_22_Ticketing.csproj", "{949C90A8-4CB2-442A-AD1A-10DEDF019DDE}"
EndProject
Global
	GlobalSection(SolutionConfigurationPlatforms) = preSolution
		Debug|Any CPU = Debug|Any CPU
		Release|Any CPU = Release|Any CPU
	EndGlobalSection
	GlobalSection(ProjectConfigurationPlatforms) = postSolution
		{949C90A8-4CB2-442A-AD1A-10DEDF019DDE}.Debug|Any CPU.ActiveCfg = Debug|Any CPU
		{949C90A8-4CB2-442A-AD1A-10DEDF019DDE}.Debug|Any CPU.Build.0 = Debug|Any CPU
		{949C90A8-4CB2-442A-AD1A-10DEDF019DDE}.Release|Any CPU.ActiveCfg = Release|Any CPU
		{949C90A8-4CB2-442A-AD1A-10DEDF019DDE}.Release|Any CPU.Build.0 = Release|Any CPU
	EndGlobalSection
	GlobalSection(SolutionProperties) = preSolution
		HideSolutionNode = FALSE
	EndGlobalSection
	GlobalSection(ExtensibilityGlobals) = postSolution
		SolutionGuid = {BC063771-398C-411D-9AC0-DFAD018E4A69}
	EndGlobalSection
EndGlobal
